// !$*UTF8*$!
{
	archiveVersion = 1;
	classes = {
	};
	objectVersion = 50;
	objects = {

/* Begin PBXBuildFile section */
		678CE3272074C00E0057855A /* AppDelegate.m in Sources */ = {isa = PBXBuildFile; fileRef = 678CE3262074C00E0057855A /* AppDelegate.m */; };
		678CE32A2074C00E0057855A /* ViewController.m in Sources */ = {isa = PBXBuildFile; fileRef = 678CE3292074C00E0057855A /* ViewController.m */; };
		678CE32D2074C00E0057855A /* Main.storyboard in Resources */ = {isa = PBXBuildFile; fileRef = 678CE32B2074C00E0057855A /* Main.storyboard */; };
		678CE32F2074C0180057855A /* Assets.xcassets in Resources */ = {isa = PBXBuildFile; fileRef = 678CE32E2074C0180057855A /* Assets.xcassets */; };
		678CE3322074C0180057855A /* LaunchScreen.storyboard in Resources */ = {isa = PBXBuildFile; fileRef = 678CE3302074C0180057855A /* LaunchScreen.storyboard */; };
		678CE3352074C0180057855A /* main.m in Sources */ = {isa = PBXBuildFile; fileRef = 678CE3342074C0180057855A /* main.m */; };
/* End PBXBuildFile section */

/* Begin PBXFileReference section */
		678CE3222074C00E0057855A /* baby&Nurse.app */ = {isa = PBXFileReference; explicitFileType = wrapper.application; includeInIndex = 0; path = "baby&Nurse.app"; sourceTree = BUILT_PRODUCTS_DIR; };
		678CE3252074C00E0057855A /* AppDelegate.h */ = {isa = PBXFileReference; lastKnownFileType = sourcecode.c.h; path = AppDelegate.h; sourceTree = "<group>"; };
		678CE3262074C00E0057855A /* AppDelegate.m */ = {isa = PBXFileReference; lastKnownFileType = sourcecode.c.objc; path = AppDelegate.m; sourceTree = "<group>"; };
		678CE3282074C00E0057855A /* ViewController.h */ = {isa = PBXFileReference; lastKnownFileType = sourcecode.c.h; path = ViewController.h; sourceTree = "<group>"; };
		678CE3292074C00E0057855A /* ViewController.m */ = {isa = PBXFileReference; lastKnownFileType = sourcecode.c.objc; path = ViewController.m; sourceTree = "<group>"; };
		678CE32C2074C00E0057855A /* Base */ = {isa = PBXFileReference; lastKnownFileType = file.storyboard; name = Base; path = Base.lproj/Main.storyboard; sourceTree = "<group>"; };
		678CE32E2074C0180057855A /* Assets.xcassets */ = {isa = PBXFileReference; lastKnownFileType = folder.assetcatalog; path = Assets.xcassets; sourceTree = "<group>"; };
		678CE3312074C0180057855A /* Base */ = {isa = PBXFileReference; lastKnownFileType = file.storyboard; name = Base; path = Base.lproj/LaunchScreen.storyboard; sourceTree = "<group>"; };
		678CE3332074C0180057855A /* Info.plist */ = {isa = PBXFileReference; lastKnownFileType = text.plist.xml; path = Info.plist; sourceTree = "<group>"; };
		678CE3342074C0180057855A /* main.m */ = {isa = PBXFileReference; lastKnownFileType = sourcecode.c.objc; path = main.m; sourceTree = "<group>"; };
/* End PBXFileReference section */

/* Begin PBXFrameworksBuildPhase section */
		678CE31F2074C00E0057855A /* Frameworks */ = {
			isa = PBXFrameworksBuildPhase;
			buildActionMask = 2147483647;
			files = (
			);
			runOnlyForDeploymentPostprocessing = 0;
		};
/* End PBXFrameworksBuildPhase section */

/* Begin PBXGroup section */
		678CE3192074C00E0057855A = {
			isa = PBXGroup;
			children = (
				678CE3242074C00E0057855A /* baby&Nurse */,
				678CE3232074C00E0057855A /* Products */,
			);
			sourceTree = "<group>";
		};
		678CE3232074C00E0057855A /* Products */ = {
			isa = PBXGroup;
			children = (
				678CE3222074C00E0057855A /* baby&Nurse.app */,
			);
			name = Products;
			sourceTree = "<group>";
		};
		678CE3242074C00E0057855A /* baby&Nurse */ = {
			isa = PBXGroup;
			children = (
				678CE3252074C00E0057855A /* AppDelegate.h */,
				678CE3262074C00E0057855A /* AppDelegate.m */,
				678CE3282074C00E0057855A /* ViewController.h */,
				678CE3292074C00E0057855A /* ViewController.m */,
				678CE32B2074C00E0057855A /* Main.storyboard */,
				678CE32E2074C0180057855A /* Assets.xcassets */,
				678CE3302074C0180057855A /* LaunchScreen.storyboard */,
				678CE3332074C0180057855A /* Info.plist */,
				678CE3342074C0180057855A /* main.m */,
			);
			path = "baby&Nurse";
			sourceTree = "<group>";
		};
/* End PBXGroup section */

/* Begin PBXNativeTarget section */
		678CE3212074C00E0057855A /* baby&Nurse */ = {
			isa = PBXNativeTarget;
			buildConfigurationList = 678CE3382074C0180057855A /* Build configuration list for PBXNativeTarget "baby&Nurse" */;
			buildPhases = (
				678CE31E2074C00E0057855A /* Sources */,
				678CE31F2074C00E0057855A /* Frameworks */,
				678CE3202074C00E0057855A /* Resources */,
			);
			buildRules = (
			);
			dependencies = (
			);
			name = "baby&Nurse";
			productName = "baby&Nurse";
			productReference = 678CE3222074C00E0057855A /* baby&Nurse.app */;
			productType = "com.apple.product-type.application";
		};
/* End PBXNativeTarget section */

/* Begin PBXProject section */
		678CE31A2074C00E0057855A /* Project object */ = {
			isa = PBXProject;
			attributes = {
				LastUpgradeCheck = 0930;
				ORGANIZATIONNAME = "李一贤";
				TargetAttributes = {
					678CE3212074C00E0057855A = {
						CreatedOnToolsVersion = 9.3;
					};
				};
			};
			buildConfigurationList = 678CE31D2074C00E0057855A /* Build configuration list for PBXProject "baby&Nurse" */;
			compatibilityVersion = "Xcode 9.3";
			developmentRegion = en;
			hasScannedForEncodings = 0;
			knownRegions = (
				en,
				Base,
			);
			mainGroup = 678CE3192074C00E0057855A;
			productRefGroup = 678CE3232074C00E0057855A /* Products */;
			projectDirPath = "";
			projectRoot = "";
			targets = (
				678CE3212074C00E0057855A /* baby&Nurse */,
			);
		};
/* End PBXProject section */

/* Begin PBXResourcesBuildPhase section */
		678CE3202074C00E0057855A /* Resources */ = {
			isa = PBXResourcesBuildPhase;
			buildActionMask = 2147483647;
			files = (
				678CE3322074C0180057855A /* LaunchScreen.storyboard in Resources */,
				678CE32F2074C0180057855A /* Assets.xcassets in Resources */,
				678CE32D2074C00E0057855A /* Main.storyboard in Resources */,
			);
			runOnlyForDeploymentPostprocessing = 0;
		};
/* End PBXResourcesBuildPhase section */

/* Begin PBXSourcesBuildPhase section */
		678CE31E2074C00E0057855A /* Sources */ = {
			isa = PBXSourcesBuildPhase;
			buildActionMask = 2147483647;
			files = (
				678CE32A2074C00E0057855A /* ViewController.m in Sources */,
				678CE3352074C0180057855A /* main.m in Sources */,
				678CE3272074C00E0057855A /* AppDelegate.m in Sources */,
			);
			runOnlyForDeploymentPostprocessing = 0;
		};
/* End PBXSourcesBuildPhase section */

/* Begin PBXVariantGroup section */
		678CE32B2074C00E0057855A /* Main.storyboard */ = {
			isa = PBXVariantGroup;
			children = (
				678CE32C2074C00E0057855A /* Base */,
			);
			name = Main.storyboard;
			sourceTree = "<group>";
		};
		678CE3302074C0180057855A /* LaunchScreen.storyboard */ = {
			isa = PBXVariantGroup;
			children = (
				678CE3312074C0180057855A /* Base */,
			);
			name = LaunchScreen.storyboard;
			sourceTree = "<group>";
		};
/* End PBXVariantGroup section */

/* Begin XCBuildConfiguration section */
		678CE3362074C0180057855A /* Debug */ = {
			isa = XCBuildConfiguration;
			buildSettings = {
				ALWAYS_SEARCH_USER_PATHS = NO;
				CLANG_ANALYZER_NONNULL = YES;
				CLANG_ANALYZER_NUMBER_OBJECT_CONVERSION = YES_AGGRESSIVE;
				CLANG_CXX_LANGUAGE_STANDARD = "gnu++14";
				CLANG_CXX_LIBRARY = "libc++";
				CLANG_ENABLE_MODULES = YES;
				CLANG_ENABLE_OBJC_ARC = YES;
				CLANG_ENABLE_OBJC_WEAK = YES;
				CLANG_WARN_BLOCK_CAPTURE_AUTORELEASING = YES;
				CLANG_WARN_BOOL_CONVERSION = YES;
				CLANG_WARN_COMMA = YES;
				CLANG_WARN_CONSTANT_CONVERSION = YES;
				CLANG_WARN_DEPRECATED_OBJC_IMPLEMENTATIONS = YES;
				CLANG_WARN_DIRECT_OBJC_ISA_USAGE = YES_ERROR;
				CLANG_WARN_DOCUMENTATION_COMMENTS = YES;
				CLANG_WARN_EMPTY_BODY = YES;
				CLANG_WARN_ENUM_CONVERSION = YES;
				CLANG_WARN_INFINITE_RECURSION = YES;
				CLANG_WARN_INT_CONVERSION = YES;
				CLANG_WARN_NON_LITERAL_NULL_CONVERSION = YES;
				CLANG_WARN_OBJC_IMPLICIT_RETAIN_SELF = YES;
				CLANG_WARN_OBJC_LITERAL_CONVERSION = YES;
				CLANG_WARN_OBJC_ROOT_CLASS = YES_ERROR;
				CLANG_WARN_RANGE_LOOP_ANALYSIS = YES;
				CLANG_WARN_STRICT_PROTOTYPES = YES;
				CLANG_WARN_SUSPICIOUS_MOVE = YES;
				CLANG_WARN_UNGUARDED_AVAILABILITY = YES_AGGRESSIVE;
				CLANG_WARN_UNREACHABLE_CODE = YES;
				CLANG_WARN__DUPLICATE_METHOD_MATCH = YES;
				CODE_SIGN_IDENTITY = "iPhone Developer";
				COPY_PHASE_STRIP = NO;
				DEBUG_INFORMATION_FORMAT = dwarf;
				ENABLE_STRICT_OBJC_MSGSEND = YES;
				ENABLE_TESTABILITY = YES;
				GCC_C_LANGUAGE_STANDARD = gnu11;
				GCC_DYNAMIC_NO_PIC = NO;
				GCC_NO_COMMON_BLOCKS = YES;
				GCC_OPTIMIZATION_LEVEL = 0;
				GCC_PREPROCESSOR_DEFINITIONS = (
					"DEBUG=1",
					"$(inherited)",
				);
				GCC_WARN_64_TO_32_BIT_CONVERSION = YES;
				GCC_WARN_ABOUT_RETURN_TYPE = YES_ERROR;
				GCC_WARN_UNDECLARED_SELECTOR = YES;
				GCC_WARN_UNINITIALIZED_AUTOS = YES_AGGRESSIVE;
				GCC_WARN_UNUSED_FUNCTION = YES;
				GCC_WARN_UNUSED_VARIABLE = YES;
				IPHONEOS_DEPLOYMENT_TARGET = 11.3;
				MTL_ENABLE_DEBUG_INFO = YES;
				ONLY_ACTIVE_ARCH = YES;
				SDKROOT = iphoneos;
			};
			name = Debug;
		};
		678CE3372074C0180057855A /* Release */ = {
			isa = XCBuildConfiguration;
			buildSettings = {
				ALWAYS_SEARCH_USER_PATHS = NO;
				CLANG_ANALYZER_NONNULL = YES;
				CLANG_ANALYZER_NUMBER_OBJECT_CONVERSION = YES_AGGRESSIVE;
				CLANG_CXX_LANGUAGE_STANDARD = "gnu++14";
				CLANG_CXX_LIBRARY = "libc++";
				CLANG_ENABLE_MODULES = YES;
				CLANG_ENABLE_OBJC_ARC = YES;
				CLANG_ENABLE_OBJC_WEAK = YES;
				CLANG_WARN_BLOCK_CAPTURE_AUTORELEASING = YES;
				CLANG_WARN_BOOL_CONVERSION = YES;
				CLANG_WARN_COMMA = YES;
				CLANG_WARN_CONSTANT_CONVERSION = YES;
				CLANG_WARN_DEPRECATED_OBJC_IMPLEMENTATIONS = YES;
				CLANG_WARN_DIRECT_OBJC_ISA_USAGE = YES_ERROR;
				CLANG_WARN_DOCUMENTATION_COMMENTS = YES;
				CLANG_WARN_EMPTY_BODY = YES;
				CLANG_WARN_ENUM_CONVERSION = YES;
				CLANG_WARN_INFINITE_RECURSION = YES;
				CLANG_WARN_INT_CONVERSION = YES;
				CLANG_WARN_NON_LITERAL_NULL_CONVERSION = YES;
				CLANG_WARN_OBJC_IMPLICIT_RETAIN_SELF = YES;
				CLANG_WARN_OBJC_LITERAL_CONVERSION = YES;
				CLANG_WARN_OBJC_ROOT_CLASS = YES_ERROR;
				CLANG_WARN_RANGE_LOOP_ANALYSIS = YES;
				CLANG_WARN_STRICT_PROTOTYPES = YES;
				CLANG_WARN_SUSPICIOUS_MOVE = YES;
				CLANG_WARN_UNGUARDED_AVAILABILITY = YES_AGGRESSIVE;
				CLANG_WARN_UNREACHABLE_CODE = YES;
				CLANG_WARN__DUPLICATE_METHOD_MATCH = YES;
				CODE_SIGN_IDENTITY = "iPhone Developer";
				COPY_PHASE_STRIP = NO;
				DEBUG_INFORMATION_FORMAT = "dwarf-with-dsym";
				ENABLE_NS_ASSERTIONS = NO;
				ENABLE_STRICT_OBJC_MSGSEND = YES;
				GCC_C_LANGUAGE_STANDARD = gnu11;
				GCC_NO_COMMON_BLOCKS = YES;
				GCC_WARN_64_TO_32_BIT_CONVERSION = YES;
				GCC_WARN_ABOUT_RETURN_TYPE = YES_ERROR;
				GCC_WARN_UNDECLARED_SELECTOR = YES;
				GCC_WARN_UNINITIALIZED_AUTOS = YES_AGGRESSIVE;
				GCC_WARN_UNUSED_FUNCTION = YES;
				GCC_WARN_UNUSED_VARIABLE = YES;
				IPHONEOS_DEPLOYMENT_TARGET = 11.3;
				MTL_ENABLE_DEBUG_INFO = NO;
				SDKROOT = iphoneos;
				VALIDATE_PRODUCT = YES;
			};
			name = Release;
		};
		678CE3392074C0180057855A /* Debug */ = {
			isa = XCBuildConfiguration;
			buildSettings = {
				ASSETCATALOG_COMPILER_APPICON_NAME = AppIcon;
				CODE_SIGN_STYLE = Automatic;
				INFOPLIST_FILE = "baby&Nurse/Info.plist";
				LD_RUNPATH_SEARCH_PATHS = (
					"$(inherited)",
					"@executable_path/Frameworks",
				);
				PRODUCT_BUNDLE_IDENTIFIER = "com.myTest.baby-Nurse";
				PRODUCT_NAME = "$(TARGET_NAME)";
				TARGETED_DEVICE_FAMILY = "1,2";
			};
			name = Debug;
		};
		678CE33A2074C0180057855A /* Release */ = {
			isa = XCBuildConfiguration;
			buildSettings = {
				ASSETCATALOG_COMPILER_APPICON_NAME = AppIcon;
				CODE_SIGN_STYLE = Automatic;
				INFOPLIST_FILE = "baby&Nurse/Info.plist";
				LD_RUNPATH_SEARCH_PATHS = (
					"$(inherited)",
					"@executable_path/Frameworks",
				);
				PRODUCT_BUNDLE_IDENTIFIER = "com.myTest.baby-Nurse";
				PRODUCT_NAME = "$(TARGET_NAME)";
				TARGETED_DEVICE_FAMILY = "1,2";
			};
			name = Release;
		};
/* End XCBuildConfiguration section */

/* Begin XCConfigurationList section */
		678CE31D2074C00E0057855A /* Build configuration list for PBXProject "baby&Nurse" */ = {
			isa = XCConfigurationList;
			buildConfigurations = (
				678CE3362074C0180057855A /* Debug */,
				678CE3372074C0180057855A /* Release */,
			);
			defaultConfigurationIsVisible = 0;
			defaultConfigurationName = Release;
		};
		678CE3382074C0180057855A /* Build configuration list for PBXNativeTarget "baby&Nurse" */ = {
			isa = XCConfigurationList;
			buildConfigurations = (
				678CE3392074C0180057855A /* Debug */,
				678CE33A2074C0180057855A /* Release */,
			);
			defaultConfigurationIsVisible = 0;
			defaultConfigurationName = Release;
		};
/* End XCConfigurationList section */
	};
	rootObject = 678CE31A2074C00E0057855A /* Project object */;
}
